
Microsoft Visual Studio Solution File, Format Version 12.00
# Visual Studio 14
VisualStudioVersion = 14.0.25420.1
MinimumVisualStudioVersion = 10.0.40219.1
Project("{8BC9CEB8-8B4A-11D0-8D11-00A0C91BC942}") = "HeadMaster", "HeadMaster\HeadMaster.vcxproj", "{C5F80730-F44F-4478-BDAE-6634EFC2CA88}"
EndProject
Project("{8BC9CEB8-8B4A-11D0-8D11-00A0C91BC942}") = "Master", "Master\Master.vcxproj", "{A81840AC-44A3-427E-9000-C9249195B37D}"
EndProject
Project("{8BC9CEB8-8B4A-11D0-8D11-00A0C91BC942}") = "Slave", "Slave\Slave.vcxproj", "{92D486BB-C7C5-401C-96D6-0AE6B86EA111}"
EndProject
Project("{00D1A9C2-B5F0-4AF3-8072-F6C62B433612}") = "Database", "Database\Database.sqlproj", "{1E0C862E-4C69-4BD7-B78A-2C69DFE520FE}"
EndProject
Project("{2150E333-8FDC-42A3-9474-1A3956D46DE8}") = "Website", "Website", "{2E676A33-4480-42FA-B41C-CB60645C4033}"
EndProject
Global
	GlobalSection(SolutionConfigurationPlatforms) = preSolution
		Debug|Any CPU = Debug|Any CPU
		Debug|x86 = Debug|x86
		Release|Any CPU = Release|Any CPU
		Release|x86 = Release|x86
	EndGlobalSection
	GlobalSection(ProjectConfigurationPlatforms) = postSolution
		{C5F80730-F44F-4478-BDAE-6634EFC2CA88}.Debug|Any CPU.ActiveCfg = Debug|Win32
		{C5F80730-F44F-4478-BDAE-6634EFC2CA88}.Debug|x86.ActiveCfg = Debug|Win32
		{C5F80730-F44F-4478-BDAE-6634EFC2CA88}.Debug|x86.Build.0 = Debug|Win32
		{C5F80730-F44F-4478-BDAE-6634EFC2CA88}.Release|Any CPU.ActiveCfg = Release|Win32
		{C5F80730-F44F-4478-BDAE-6634EFC2CA88}.Release|x86.ActiveCfg = Release|Win32
		{C5F80730-F44F-4478-BDAE-6634EFC2CA88}.Release|x86.Build.0 = Release|Win32
		{A81840AC-44A3-427E-9000-C9249195B37D}.Debug|Any CPU.ActiveCfg = Debug|Win32
		{A81840AC-44A3-427E-9000-C9249195B37D}.Debug|x86.ActiveCfg = Debug|Win32
		{A81840AC-44A3-427E-9000-C9249195B37D}.Debug|x86.Build.0 = Debug|Win32
		{A81840AC-44A3-427E-9000-C9249195B37D}.Release|Any CPU.ActiveCfg = Release|Win32
		{A81840AC-44A3-427E-9000-C9249195B37D}.Release|x86.ActiveCfg = Release|Win32
		{A81840AC-44A3-427E-9000-C9249195B37D}.Release|x86.Build.0 = Release|Win32
		{92D486BB-C7C5-401C-96D6-0AE6B86EA111}.Debug|Any CPU.ActiveCfg = Debug|Win32
		{92D486BB-C7C5-401C-96D6-0AE6B86EA111}.Debug|x86.ActiveCfg = Debug|Win32
		{92D486BB-C7C5-401C-96D6-0AE6B86EA111}.Debug|x86.Build.0 = Debug|Win32
		{92D486BB-C7C5-401C-96D6-0AE6B86EA111}.Release|Any CPU.ActiveCfg = Release|Win32
		{92D486BB-C7C5-401C-96D6-0AE6B86EA111}.Release|x86.ActiveCfg = Release|Win32
		{92D486BB-C7C5-401C-96D6-0AE6B86EA111}.Release|x86.Build.0 = Release|Win32
		{1E0C862E-4C69-4BD7-B78A-2C69DFE520FE}.Debug|Any CPU.ActiveCfg = Debug|Any CPU
		{1E0C862E-4C69-4BD7-B78A-2C69DFE520FE}.Debug|Any CPU.Build.0 = Debug|Any CPU
		{1E0C862E-4C69-4BD7-B78A-2C69DFE520FE}.Debug|Any CPU.Deploy.0 = Debug|Any CPU
		{1E0C862E-4C69-4BD7-B78A-2C69DFE520FE}.Debug|x86.ActiveCfg = Debug|Any CPU
		{1E0C862E-4C69-4BD7-B78A-2C69DFE520FE}.Debug|x86.Build.0 = Debug|Any CPU
		{1E0C862E-4C69-4BD7-B78A-2C69DFE520FE}.Debug|x86.Deploy.0 = Debug|Any CPU
		{1E0C862E-4C69-4BD7-B78A-2C69DFE520FE}.Release|Any CPU.ActiveCfg = Release|Any CPU
		{1E0C862E-4C69-4BD7-B78A-2C69DFE520FE}.Release|Any CPU.Build.0 = Release|Any CPU
		{1E0C862E-4C69-4BD7-B78A-2C69DFE520FE}.Release|Any CPU.Deploy.0 = Release|Any CPU
		{1E0C862E-4C69-4BD7-B78A-2C69DFE520FE}.Release|x86.ActiveCfg = Release|Any CPU
		{1E0C862E-4C69-4BD7-B78A-2C69DFE520FE}.Release|x86.Build.0 = Release|Any CPU
		{1E0C862E-4C69-4BD7-B78A-2C69DFE520FE}.Release|x86.Deploy.0 = Release|Any CPU
	EndGlobalSection
	GlobalSection(SolutionProperties) = preSolution
		HideSolutionNode = FALSE
	EndGlobalSection
EndGlobal
